{
    "_meta": {
        "hash": {
            "sha256": "a2c79576871d1686be4a27873169274547bcc78f9f8661f83e8dc95f7e65a682"
        },
        "pipfile-spec": 6,
        "requires": {
            "python_version": "3.11"
        },
        "sources": [
            {
                "name": "pypi",
                "url": "https://pypi.org/simple",
                "verify_ssl": true
            }
        ]
    },
    "default": {
        "iso639": {
            "hashes": [
                "sha256:88b70cf6c64ee9c2c2972292818c8beb32db9ea6f4de1f8471a9b081a3d92e98"
            ],
            "index": "pypi",
            "version": "==0.1.4"
        }
    },
    "develop": {}
}
